// !$*UTF8*$!
{
	archiveVersion = 1;
	classes = {
	};
	objectVersion = 50;
	objects = {

/* Begin PBXBuildFile section */
		20753D0224B5BC14001EE807 /* Onboarding.swift in Sources */ = {isa = PBXBuildFile; fileRef = 20753D0124B5BC14001EE807 /* Onboarding.swift */; };
		20753D0424B827AF001EE807 /* Library.swift in Sources */ = {isa = PBXBuildFile; fileRef = 20753D0324B827AF001EE807 /* Library.swift */; };
		20753D0624B8310B001EE807 /* PatientInfo.swift in Sources */ = {isa = PBXBuildFile; fileRef = 20753D0524B8310B001EE807 /* PatientInfo.swift */; };
		20753D0824B8371F001EE807 /* ContactDetail.swift in Sources */ = {isa = PBXBuildFile; fileRef = 20753D0724B8371F001EE807 /* ContactDetail.swift */; };
		20A2E61C250C07F600090625 /* AnalyticsView.swift in Sources */ = {isa = PBXBuildFile; fileRef = 20A2E61B250C07F600090625 /* AnalyticsView.swift */; };
		20C0D1E124CA90A300E76F41 /* AboutPage.swift in Sources */ = {isa = PBXBuildFile; fileRef = 20C0D1E024CA90A300E76F41 /* AboutPage.swift */; };
		20C0D22524DCA62000E76F41 /* Curb65.swift in Sources */ = {isa = PBXBuildFile; fileRef = 20C0D22424DCA62000E76F41 /* Curb65.swift */; };
		20C44C5D24E4BF510041C507 /* ViewRouter.swift in Sources */ = {isa = PBXBuildFile; fileRef = 20C44C5C24E4BF510041C507 /* ViewRouter.swift */; };
		20C44C5F24E4BFBD0041C507 /* MotherView.swift in Sources */ = {isa = PBXBuildFile; fileRef = 20C44C5E24E4BFBD0041C507 /* MotherView.swift */; };
		20DCAF7224B2FEC900BA342C /* NavigationView.swift in Sources */ = {isa = PBXBuildFile; fileRef = 20DCAF7124B2FEC900BA342C /* NavigationView.swift */; };
		8298FC9724B5AE4F0090CD31 /* DetailView.swift in Sources */ = {isa = PBXBuildFile; fileRef = 8298FC9624B5AE4E0090CD31 /* DetailView.swift */; };
		82CB560224B269D600A8798C /* AppDelegate.swift in Sources */ = {isa = PBXBuildFile; fileRef = 82CB560124B269D600A8798C /* AppDelegate.swift */; };
		82CB560424B269D600A8798C /* SceneDelegate.swift in Sources */ = {isa = PBXBuildFile; fileRef = 82CB560324B269D600A8798C /* SceneDelegate.swift */; };
		82CB560624B269D600A8798C /* ContentView.swift in Sources */ = {isa = PBXBuildFile; fileRef = 82CB560524B269D600A8798C /* ContentView.swift */; };
		82CB560824B269D900A8798C /* Assets.xcassets in Resources */ = {isa = PBXBuildFile; fileRef = 82CB560724B269D900A8798C /* Assets.xcassets */; };
		82CB560B24B269D900A8798C /* Preview Assets.xcassets in Resources */ = {isa = PBXBuildFile; fileRef = 82CB560A24B269D900A8798C /* Preview Assets.xcassets */; };
		82CB560E24B269D900A8798C /* LaunchScreen.storyboard in Resources */ = {isa = PBXBuildFile; fileRef = 82CB560C24B269D900A8798C /* LaunchScreen.storyboard */; };
		82CB561924B269D900A8798C /* PneumoTests.swift in Sources */ = {isa = PBXBuildFile; fileRef = 82CB561824B269D900A8798C /* PneumoTests.swift */; };
		82CB562424B269D900A8798C /* PneumoUITests.swift in Sources */ = {isa = PBXBuildFile; fileRef = 82CB562324B269D900A8798C /* PneumoUITests.swift */; };
		82E98ACC24D7D3550086D13A /* ImageView.swift in Sources */ = {isa = PBXBuildFile; fileRef = 82E98ACB24D7D3550086D13A /* ImageView.swift */; };
		82E98ACE24D7D3930086D13A /* Coordinator.swift in Sources */ = {isa = PBXBuildFile; fileRef = 82E98ACD24D7D3930086D13A /* Coordinator.swift */; };
		82F20479250BF00C005E7E8D /* PneumoModel.mlmodel in Sources */ = {isa = PBXBuildFile; fileRef = 82F20478250BF00C005E7E8D /* PneumoModel.mlmodel */; };
		82F2047B250BF487005E7E8D /* UIImage+Additions.swift in Sources */ = {isa = PBXBuildFile; fileRef = 82F2047A250BF487005E7E8D /* UIImage+Additions.swift */; };
/* End PBXBuildFile section */

/* Begin PBXContainerItemProxy section */
		82CB561524B269D900A8798C /* PBXContainerItemProxy */ = {
			isa = PBXContainerItemProxy;
			containerPortal = 82CB55F624B269D600A8798C /* Project object */;
			proxyType = 1;
			remoteGlobalIDString = 82CB55FD24B269D600A8798C;
			remoteInfo = Pneumo;
		};
		82CB562024B269D900A8798C /* PBXContainerItemProxy */ = {
			isa = PBXContainerItemProxy;
			containerPortal = 82CB55F624B269D600A8798C /* Project object */;
			proxyType = 1;
			remoteGlobalIDString = 82CB55FD24B269D600A8798C;
			remoteInfo = Pneumo;
		};
/* End PBXContainerItemProxy section */

/* Begin PBXFileReference section */
		20753D0124B5BC14001EE807 /* Onboarding.swift */ = {isa = PBXFileReference; lastKnownFileType = sourcecode.swift; path = Onboarding.swift; sourceTree = "<group>"; };
		20753D0324B827AF001EE807 /* Library.swift */ = {isa = PBXFileReference; lastKnownFileType = sourcecode.swift; path = Library.swift; sourceTree = "<group>"; };
		20753D0524B8310B001EE807 /* PatientInfo.swift */ = {isa = PBXFileReference; lastKnownFileType = sourcecode.swift; path = PatientInfo.swift; sourceTree = "<group>"; };
		20753D0724B8371F001EE807 /* ContactDetail.swift */ = {isa = PBXFileReference; lastKnownFileType = sourcecode.swift; path = ContactDetail.swift; sourceTree = "<group>"; };
		20A2E61B250C07F600090625 /* AnalyticsView.swift */ = {isa = PBXFileReference; lastKnownFileType = sourcecode.swift; path = AnalyticsView.swift; sourceTree = "<group>"; };
		20C0D1E024CA90A300E76F41 /* AboutPage.swift */ = {isa = PBXFileReference; lastKnownFileType = sourcecode.swift; path = AboutPage.swift; sourceTree = "<group>"; };
		20C0D22424DCA62000E76F41 /* Curb65.swift */ = {isa = PBXFileReference; lastKnownFileType = sourcecode.swift; path = Curb65.swift; sourceTree = "<group>"; };
		20C44C5C24E4BF510041C507 /* ViewRouter.swift */ = {isa = PBXFileReference; lastKnownFileType = sourcecode.swift; path = ViewRouter.swift; sourceTree = "<group>"; };
		20C44C5E24E4BFBD0041C507 /* MotherView.swift */ = {isa = PBXFileReference; lastKnownFileType = sourcecode.swift; path = MotherView.swift; sourceTree = "<group>"; };
		20DCAF7124B2FEC900BA342C /* NavigationView.swift */ = {isa = PBXFileReference; lastKnownFileType = sourcecode.swift; path = NavigationView.swift; sourceTree = "<group>"; };
		8298FC9624B5AE4E0090CD31 /* DetailView.swift */ = {isa = PBXFileReference; lastKnownFileType = sourcecode.swift; path = DetailView.swift; sourceTree = "<group>"; };
		82CB55FE24B269D600A8798C /* Pneumo.app */ = {isa = PBXFileReference; explicitFileType = wrapper.application; includeInIndex = 0; path = Pneumo.app; sourceTree = BUILT_PRODUCTS_DIR; };
		82CB560124B269D600A8798C /* AppDelegate.swift */ = {isa = PBXFileReference; lastKnownFileType = sourcecode.swift; path = AppDelegate.swift; sourceTree = "<group>"; };
		82CB560324B269D600A8798C /* SceneDelegate.swift */ = {isa = PBXFileReference; lastKnownFileType = sourcecode.swift; path = SceneDelegate.swift; sourceTree = "<group>"; };
		82CB560524B269D600A8798C /* ContentView.swift */ = {isa = PBXFileReference; lastKnownFileType = sourcecode.swift; path = ContentView.swift; sourceTree = "<group>"; };
		82CB560724B269D900A8798C /* Assets.xcassets */ = {isa = PBXFileReference; lastKnownFileType = folder.assetcatalog; path = Assets.xcassets; sourceTree = "<group>"; };
		82CB560A24B269D900A8798C /* Preview Assets.xcassets */ = {isa = PBXFileReference; lastKnownFileType = folder.assetcatalog; path = "Preview Assets.xcassets"; sourceTree = "<group>"; };
		82CB560D24B269D900A8798C /* Base */ = {isa = PBXFileReference; lastKnownFileType = file.storyboard; name = Base; path = Base.lproj/LaunchScreen.storyboard; sourceTree = "<group>"; };
		82CB560F24B269D900A8798C /* Info.plist */ = {isa = PBXFileReference; lastKnownFileType = text.plist.xml; path = Info.plist; sourceTree = "<group>"; };
		82CB561424B269D900A8798C /* PneumoTests.xctest */ = {isa = PBXFileReference; explicitFileType = wrapper.cfbundle; includeInIndex = 0; path = PneumoTests.xctest; sourceTree = BUILT_PRODUCTS_DIR; };
		82CB561824B269D900A8798C /* PneumoTests.swift */ = {isa = PBXFileReference; lastKnownFileType = sourcecode.swift; path = PneumoTests.swift; sourceTree = "<group>"; };
		82CB561A24B269D900A8798C /* Info.plist */ = {isa = PBXFileReference; lastKnownFileType = text.plist.xml; path = Info.plist; sourceTree = "<group>"; };
		82CB561F24B269D900A8798C /* PneumoUITests.xctest */ = {isa = PBXFileReference; explicitFileType = wrapper.cfbundle; includeInIndex = 0; path = PneumoUITests.xctest; sourceTree = BUILT_PRODUCTS_DIR; };
		82CB562324B269D900A8798C /* PneumoUITests.swift */ = {isa = PBXFileReference; lastKnownFileType = sourcecode.swift; path = PneumoUITests.swift; sourceTree = "<group>"; };
		82CB562524B269D900A8798C /* Info.plist */ = {isa = PBXFileReference; lastKnownFileType = text.plist.xml; path = Info.plist; sourceTree = "<group>"; };
		82E98ACB24D7D3550086D13A /* ImageView.swift */ = {isa = PBXFileReference; lastKnownFileType = sourcecode.swift; path = ImageView.swift; sourceTree = "<group>"; };
		82E98ACD24D7D3930086D13A /* Coordinator.swift */ = {isa = PBXFileReference; lastKnownFileType = sourcecode.swift; path = Coordinator.swift; sourceTree = "<group>"; };
		82F20478250BF00C005E7E8D /* PneumoModel.mlmodel */ = {isa = PBXFileReference; lastKnownFileType = file.mlmodel; path = PneumoModel.mlmodel; sourceTree = "<group>"; };
		82F2047A250BF487005E7E8D /* UIImage+Additions.swift */ = {isa = PBXFileReference; lastKnownFileType = sourcecode.swift; path = "UIImage+Additions.swift"; sourceTree = "<group>"; };
/* End PBXFileReference section */

/* Begin PBXFrameworksBuildPhase section */
		82CB55FB24B269D600A8798C /* Frameworks */ = {
			isa = PBXFrameworksBuildPhase;
			buildActionMask = 2147483647;
			files = (
			);
			runOnlyForDeploymentPostprocessing = 0;
		};
		82CB561124B269D900A8798C /* Frameworks */ = {
			isa = PBXFrameworksBuildPhase;
			buildActionMask = 2147483647;
			files = (
			);
			runOnlyForDeploymentPostprocessing = 0;
		};
		82CB561C24B269D900A8798C /* Frameworks */ = {
			isa = PBXFrameworksBuildPhase;
			buildActionMask = 2147483647;
			files = (
			);
			runOnlyForDeploymentPostprocessing = 0;
		};
/* End PBXFrameworksBuildPhase section */

/* Begin PBXGroup section */
		82CB55F524B269D600A8798C = {
			isa = PBXGroup;
			children = (
				82CB560024B269D600A8798C /* Pneumo */,
				82CB561724B269D900A8798C /* PneumoTests */,
				82CB562224B269D900A8798C /* PneumoUITests */,
				82CB55FF24B269D600A8798C /* Products */,
			);
			sourceTree = "<group>";
		};
		82CB55FF24B269D600A8798C /* Products */ = {
			isa = PBXGroup;
			children = (
				82CB55FE24B269D600A8798C /* Pneumo.app */,
				82CB561424B269D900A8798C /* PneumoTests.xctest */,
				82CB561F24B269D900A8798C /* PneumoUITests.xctest */,
			);
			name = Products;
			sourceTree = "<group>";
		};
		82CB560024B269D600A8798C /* Pneumo */ = {
			isa = PBXGroup;
			children = (
				82CB560124B269D600A8798C /* AppDelegate.swift */,
				82CB560324B269D600A8798C /* SceneDelegate.swift */,
				20C44C5C24E4BF510041C507 /* ViewRouter.swift */,
				20C44C5E24E4BFBD0041C507 /* MotherView.swift */,
				82CB560524B269D600A8798C /* ContentView.swift */,
				20753D0124B5BC14001EE807 /* Onboarding.swift */,
				20DCAF7124B2FEC900BA342C /* NavigationView.swift */,
				20753D0324B827AF001EE807 /* Library.swift */,
				8298FC9624B5AE4E0090CD31 /* DetailView.swift */,
				82E98ACB24D7D3550086D13A /* ImageView.swift */,
				82E98ACD24D7D3930086D13A /* Coordinator.swift */,
				20753D0524B8310B001EE807 /* PatientInfo.swift */,
				20753D0724B8371F001EE807 /* ContactDetail.swift */,
				20A2E61B250C07F600090625 /* AnalyticsView.swift */,
				20C0D1E024CA90A300E76F41 /* AboutPage.swift */,
				20C0D22424DCA62000E76F41 /* Curb65.swift */,
				82F2047A250BF487005E7E8D /* UIImage+Additions.swift */,
				82F20478250BF00C005E7E8D /* PneumoModel.mlmodel */,
				82CB560724B269D900A8798C /* Assets.xcassets */,
				82CB560C24B269D900A8798C /* LaunchScreen.storyboard */,
				82CB560F24B269D900A8798C /* Info.plist */,
				82CB560924B269D900A8798C /* Preview Content */,
			);
			path = Pneumo;
			sourceTree = "<group>";
		};
		82CB560924B269D900A8798C /* Preview Content */ = {
			isa = PBXGroup;
			children = (
				82CB560A24B269D900A8798C /* Preview Assets.xcassets */,
			);
			path = "Preview Content";
			sourceTree = "<group>";
		};
		82CB561724B269D900A8798C /* PneumoTests */ = {
			isa = PBXGroup;
			children = (
				82CB561824B269D900A8798C /* PneumoTests.swift */,
				82CB561A24B269D900A8798C /* Info.plist */,
			);
			path = PneumoTests;
			sourceTree = "<group>";
		};
		82CB562224B269D900A8798C /* PneumoUITests */ = {
			isa = PBXGroup;
			children = (
				82CB562324B269D900A8798C /* PneumoUITests.swift */,
				82CB562524B269D900A8798C /* Info.plist */,
			);
			path = PneumoUITests;
			sourceTree = "<group>";
		};
/* End PBXGroup section */

/* Begin PBXNativeTarget section */
		82CB55FD24B269D600A8798C /* Pneumo */ = {
			isa = PBXNativeTarget;
			buildConfigurationList = 82CB562824B269D900A8798C /* Build configuration list for PBXNativeTarget "Pneumo" */;
			buildPhases = (
				82CB55FA24B269D600A8798C /* Sources */,
				82CB55FB24B269D600A8798C /* Frameworks */,
				82CB55FC24B269D600A8798C /* Resources */,
			);
			buildRules = (
			);
			dependencies = (
			);
			name = Pneumo;
			productName = Pneumo;
			productReference = 82CB55FE24B269D600A8798C /* Pneumo.app */;
			productType = "com.apple.product-type.application";
		};
		82CB561324B269D900A8798C /* PneumoTests */ = {
			isa = PBXNativeTarget;
			buildConfigurationList = 82CB562B24B269D900A8798C /* Build configuration list for PBXNativeTarget "PneumoTests" */;
			buildPhases = (
				82CB561024B269D900A8798C /* Sources */,
				82CB561124B269D900A8798C /* Frameworks */,
				82CB561224B269D900A8798C /* Resources */,
			);
			buildRules = (
			);
			dependencies = (
				82CB561624B269D900A8798C /* PBXTargetDependency */,
			);
			name = PneumoTests;
			productName = PneumoTests;
			productReference = 82CB561424B269D900A8798C /* PneumoTests.xctest */;
			productType = "com.apple.product-type.bundle.unit-test";
		};
		82CB561E24B269D900A8798C /* PneumoUITests */ = {
			isa = PBXNativeTarget;
			buildConfigurationList = 82CB562E24B269D900A8798C /* Build configuration list for PBXNativeTarget "PneumoUITests" */;
			buildPhases = (
				82CB561B24B269D900A8798C /* Sources */,
				82CB561C24B269D900A8798C /* Frameworks */,
				82CB561D24B269D900A8798C /* Resources */,
			);
			buildRules = (
			);
			dependencies = (
				82CB562124B269D900A8798C /* PBXTargetDependency */,
			);
			name = PneumoUITests;
			productName = PneumoUITests;
			productReference = 82CB561F24B269D900A8798C /* PneumoUITests.xctest */;
			productType = "com.apple.product-type.bundle.ui-testing";
		};
/* End PBXNativeTarget section */

/* Begin PBXProject section */
		82CB55F624B269D600A8798C /* Project object */ = {
			isa = PBXProject;
			attributes = {
				LastSwiftUpdateCheck = 1150;
				LastUpgradeCheck = 1150;
				ORGANIZATIONNAME = "Viren Abhyankar";
				TargetAttributes = {
					82CB55FD24B269D600A8798C = {
						CreatedOnToolsVersion = 11.5;
					};
					82CB561324B269D900A8798C = {
						CreatedOnToolsVersion = 11.5;
						TestTargetID = 82CB55FD24B269D600A8798C;
					};
					82CB561E24B269D900A8798C = {
						CreatedOnToolsVersion = 11.5;
						TestTargetID = 82CB55FD24B269D600A8798C;
					};
				};
			};
			buildConfigurationList = 82CB55F924B269D600A8798C /* Build configuration list for PBXProject "Pneumo" */;
			compatibilityVersion = "Xcode 9.3";
			developmentRegion = en;
			hasScannedForEncodings = 0;
			knownRegions = (
				en,
				Base,
			);
			mainGroup = 82CB55F524B269D600A8798C;
			productRefGroup = 82CB55FF24B269D600A8798C /* Products */;
			projectDirPath = "";
			projectRoot = "";
			targets = (
				82CB55FD24B269D600A8798C /* Pneumo */,
				82CB561324B269D900A8798C /* PneumoTests */,
				82CB561E24B269D900A8798C /* PneumoUITests */,
			);
		};
/* End PBXProject section */

/* Begin PBXResourcesBuildPhase section */
		82CB55FC24B269D600A8798C /* Resources */ = {
			isa = PBXResourcesBuildPhase;
			buildActionMask = 2147483647;
			files = (
				82CB560E24B269D900A8798C /* LaunchScreen.storyboard in Resources */,
				82CB560B24B269D900A8798C /* Preview Assets.xcassets in Resources */,
				82CB560824B269D900A8798C /* Assets.xcassets in Resources */,
			);
			runOnlyForDeploymentPostprocessing = 0;
		};
		82CB561224B269D900A8798C /* Resources */ = {
			isa = PBXResourcesBuildPhase;
			buildActionMask = 2147483647;
			files = (
			);
			runOnlyForDeploymentPostprocessing = 0;
		};
		82CB561D24B269D900A8798C /* Resources */ = {
			isa = PBXResourcesBuildPhase;
			buildActionMask = 2147483647;
			files = (
			);
			runOnlyForDeploymentPostprocessing = 0;
		};
/* End PBXResourcesBuildPhase section */

/* Begin PBXSourcesBuildPhase section */
		82CB55FA24B269D600A8798C /* Sources */ = {
			isa = PBXSourcesBuildPhase;
			buildActionMask = 2147483647;
			files = (
				82F20479250BF00C005E7E8D /* PneumoModel.mlmodel in Sources */,
				20753D0224B5BC14001EE807 /* Onboarding.swift in Sources */,
				20C44C5D24E4BF510041C507 /* ViewRouter.swift in Sources */,
				20753D0424B827AF001EE807 /* Library.swift in Sources */,
				82CB560224B269D600A8798C /* AppDelegate.swift in Sources */,
				20C44C5F24E4BFBD0041C507 /* MotherView.swift in Sources */,
				82CB560424B269D600A8798C /* SceneDelegate.swift in Sources */,
				82F2047B250BF487005E7E8D /* UIImage+Additions.swift in Sources */,
				82E98ACC24D7D3550086D13A /* ImageView.swift in Sources */,
				20A2E61C250C07F600090625 /* AnalyticsView.swift in Sources */,
				20C0D22524DCA62000E76F41 /* Curb65.swift in Sources */,
				20C0D1E124CA90A300E76F41 /* AboutPage.swift in Sources */,
				20753D0824B8371F001EE807 /* ContactDetail.swift in Sources */,
				20DCAF7224B2FEC900BA342C /* NavigationView.swift in Sources */,
				82E98ACE24D7D3930086D13A /* Coordinator.swift in Sources */,
				20753D0624B8310B001EE807 /* PatientInfo.swift in Sources */,
				8298FC9724B5AE4F0090CD31 /* DetailView.swift in Sources */,
				82CB560624B269D600A8798C /* ContentView.swift in Sources */,
			);
			runOnlyForDeploymentPostprocessing = 0;
		};
		82CB561024B269D900A8798C /* Sources */ = {
			isa = PBXSourcesBuildPhase;
			buildActionMask = 2147483647;
			files = (
				82CB561924B269D900A8798C /* PneumoTests.swift in Sources */,
			);
			runOnlyForDeploymentPostprocessing = 0;
		};
		82CB561B24B269D900A8798C /* Sources */ = {
			isa = PBXSourcesBuildPhase;
			buildActionMask = 2147483647;
			files = (
				82CB562424B269D900A8798C /* PneumoUITests.swift in Sources */,
			);
			runOnlyForDeploymentPostprocessing = 0;
		};
/* End PBXSourcesBuildPhase section */

/* Begin PBXTargetDependency section */
		82CB561624B269D900A8798C /* PBXTargetDependency */ = {
			isa = PBXTargetDependency;
			target = 82CB55FD24B269D600A8798C /* Pneumo */;
			targetProxy = 82CB561524B269D900A8798C /* PBXContainerItemProxy */;
		};
		82CB562124B269D900A8798C /* PBXTargetDependency */ = {
			isa = PBXTargetDependency;
			target = 82CB55FD24B269D600A8798C /* Pneumo */;
			targetProxy = 82CB562024B269D900A8798C /* PBXContainerItemProxy */;
		};
/* End PBXTargetDependency section */

/* Begin PBXVariantGroup section */
		82CB560C24B269D900A8798C /* LaunchScreen.storyboard */ = {
			isa = PBXVariantGroup;
			children = (
				82CB560D24B269D900A8798C /* Base */,
			);
			name = LaunchScreen.storyboard;
			sourceTree = "<group>";
		};
/* End PBXVariantGroup section */

/* Begin XCBuildConfiguration section */
		82CB562624B269D900A8798C /* Debug */ = {
			isa = XCBuildConfiguration;
			buildSettings = {
				ALWAYS_SEARCH_USER_PATHS = NO;
				CLANG_ANALYZER_NONNULL = YES;
				CLANG_ANALYZER_NUMBER_OBJECT_CONVERSION = YES_AGGRESSIVE;
				CLANG_CXX_LANGUAGE_STANDARD = "gnu++14";
				CLANG_CXX_LIBRARY = "libc++";
				CLANG_ENABLE_MODULES = YES;
				CLANG_ENABLE_OBJC_ARC = YES;
				CLANG_ENABLE_OBJC_WEAK = YES;
				CLANG_WARN_BLOCK_CAPTURE_AUTORELEASING = YES;
				CLANG_WARN_BOOL_CONVERSION = YES;
				CLANG_WARN_COMMA = YES;
				CLANG_WARN_CONSTANT_CONVERSION = YES;
				CLANG_WARN_DEPRECATED_OBJC_IMPLEMENTATIONS = YES;
				CLANG_WARN_DIRECT_OBJC_ISA_USAGE = YES_ERROR;
				CLANG_WARN_DOCUMENTATION_COMMENTS = YES;
				CLANG_WARN_EMPTY_BODY = YES;
				CLANG_WARN_ENUM_CONVERSION = YES;
				CLANG_WARN_INFINITE_RECURSION = YES;
				CLANG_WARN_INT_CONVERSION = YES;
				CLANG_WARN_NON_LITERAL_NULL_CONVERSION = YES;
				CLANG_WARN_OBJC_IMPLICIT_RETAIN_SELF = YES;
				CLANG_WARN_OBJC_LITERAL_CONVERSION = YES;
				CLANG_WARN_OBJC_ROOT_CLASS = YES_ERROR;
				CLANG_WARN_RANGE_LOOP_ANALYSIS = YES;
				CLANG_WARN_STRICT_PROTOTYPES = YES;
				CLANG_WARN_SUSPICIOUS_MOVE = YES;
				CLANG_WARN_UNGUARDED_AVAILABILITY = YES_AGGRESSIVE;
				CLANG_WARN_UNREACHABLE_CODE = YES;
				CLANG_WARN__DUPLICATE_METHOD_MATCH = YES;
				COPY_PHASE_STRIP = NO;
				DEBUG_INFORMATION_FORMAT = dwarf;
				ENABLE_STRICT_OBJC_MSGSEND = YES;
				ENABLE_TESTABILITY = YES;
				GCC_C_LANGUAGE_STANDARD = gnu11;
				GCC_DYNAMIC_NO_PIC = NO;
				GCC_NO_COMMON_BLOCKS = YES;
				GCC_OPTIMIZATION_LEVEL = 0;
				GCC_PREPROCESSOR_DEFINITIONS = (
					"DEBUG=1",
					"$(inherited)",
				);
				GCC_WARN_64_TO_32_BIT_CONVERSION = YES;
				GCC_WARN_ABOUT_RETURN_TYPE = YES_ERROR;
				GCC_WARN_UNDECLARED_SELECTOR = YES;
				GCC_WARN_UNINITIALIZED_AUTOS = YES_AGGRESSIVE;
				GCC_WARN_UNUSED_FUNCTION = YES;
				GCC_WARN_UNUSED_VARIABLE = YES;
				IPHONEOS_DEPLOYMENT_TARGET = 13.5;
				MTL_ENABLE_DEBUG_INFO = INCLUDE_SOURCE;
				MTL_FAST_MATH = YES;
				ONLY_ACTIVE_ARCH = YES;
				SDKROOT = iphoneos;
				SWIFT_ACTIVE_COMPILATION_CONDITIONS = DEBUG;
				SWIFT_OPTIMIZATION_LEVEL = "-Onone";
			};
			name = Debug;
		};
		82CB562724B269D900A8798C /* Release */ = {
			isa = XCBuildConfiguration;
			buildSettings = {
				ALWAYS_SEARCH_USER_PATHS = NO;
				CLANG_ANALYZER_NONNULL = YES;
				CLANG_ANALYZER_NUMBER_OBJECT_CONVERSION = YES_AGGRESSIVE;
				CLANG_CXX_LANGUAGE_STANDARD = "gnu++14";
				CLANG_CXX_LIBRARY = "libc++";
				CLANG_ENABLE_MODULES = YES;
				CLANG_ENABLE_OBJC_ARC = YES;
				CLANG_ENABLE_OBJC_WEAK = YES;
				CLANG_WARN_BLOCK_CAPTURE_AUTORELEASING = YES;
				CLANG_WARN_BOOL_CONVERSION = YES;
				CLANG_WARN_COMMA = YES;
				CLANG_WARN_CONSTANT_CONVERSION = YES;
				CLANG_WARN_DEPRECATED_OBJC_IMPLEMENTATIONS = YES;
				CLANG_WARN_DIRECT_OBJC_ISA_USAGE = YES_ERROR;
				CLANG_WARN_DOCUMENTATION_COMMENTS = YES;
				CLANG_WARN_EMPTY_BODY = YES;
				CLANG_WARN_ENUM_CONVERSION = YES;
				CLANG_WARN_INFINITE_RECURSION = YES;
				CLANG_WARN_INT_CONVERSION = YES;
				CLANG_WARN_NON_LITERAL_NULL_CONVERSION = YES;
				CLANG_WARN_OBJC_IMPLICIT_RETAIN_SELF = YES;
				CLANG_WARN_OBJC_LITERAL_CONVERSION = YES;
				CLANG_WARN_OBJC_ROOT_CLASS = YES_ERROR;
				CLANG_WARN_RANGE_LOOP_ANALYSIS = YES;
				CLANG_WARN_STRICT_PROTOTYPES = YES;
				CLANG_WARN_SUSPICIOUS_MOVE = YES;
				CLANG_WARN_UNGUARDED_AVAILABILITY = YES_AGGRESSIVE;
				CLANG_WARN_UNREACHABLE_CODE = YES;
				CLANG_WARN__DUPLICATE_METHOD_MATCH = YES;
				COPY_PHASE_STRIP = NO;
				DEBUG_INFORMATION_FORMAT = "dwarf-with-dsym";
				ENABLE_NS_ASSERTIONS = NO;
				ENABLE_STRICT_OBJC_MSGSEND = YES;
				GCC_C_LANGUAGE_STANDARD = gnu11;
				GCC_NO_COMMON_BLOCKS = YES;
				GCC_WARN_64_TO_32_BIT_CONVERSION = YES;
				GCC_WARN_ABOUT_RETURN_TYPE = YES_ERROR;
				GCC_WARN_UNDECLARED_SELECTOR = YES;
				GCC_WARN_UNINITIALIZED_AUTOS = YES_AGGRESSIVE;
				GCC_WARN_UNUSED_FUNCTION = YES;
				GCC_WARN_UNUSED_VARIABLE = YES;
				IPHONEOS_DEPLOYMENT_TARGET = 13.5;
				MTL_ENABLE_DEBUG_INFO = NO;
				MTL_FAST_MATH = YES;
				SDKROOT = iphoneos;
				SWIFT_COMPILATION_MODE = wholemodule;
				SWIFT_OPTIMIZATION_LEVEL = "-O";
				VALIDATE_PRODUCT = YES;
			};
			name = Release;
		};
		82CB562924B269D900A8798C /* Debug */ = {
			isa = XCBuildConfiguration;
			buildSettings = {
				ASSETCATALOG_COMPILER_APPICON_NAME = AppIcon;
				CODE_SIGN_STYLE = Automatic;
				DEVELOPMENT_ASSET_PATHS = "\"Pneumo/Preview Content\"";
				DEVELOPMENT_TEAM = TTR8XV74YL;
				ENABLE_PREVIEWS = YES;
				INFOPLIST_FILE = Pneumo/Info.plist;
				IPHONEOS_DEPLOYMENT_TARGET = 13.5;
				LD_RUNPATH_SEARCH_PATHS = (
					"$(inherited)",
					"@executable_path/Frameworks",
				);
				PRODUCT_BUNDLE_IDENTIFIER = com.virenabhyankar.Pneumo;
				PRODUCT_NAME = "$(TARGET_NAME)";
				SWIFT_VERSION = 5.0;
				TARGETED_DEVICE_FAMILY = "1,2";
			};
			name = Debug;
		};
		82CB562A24B269D900A8798C /* Release */ = {
			isa = XCBuildConfiguration;
			buildSettings = {
				ASSETCATALOG_COMPILER_APPICON_NAME = AppIcon;
				CODE_SIGN_STYLE = Automatic;
				DEVELOPMENT_ASSET_PATHS = "\"Pneumo/Preview Content\"";
				DEVELOPMENT_TEAM = TTR8XV74YL;
				ENABLE_PREVIEWS = YES;
				INFOPLIST_FILE = Pneumo/Info.plist;
				IPHONEOS_DEPLOYMENT_TARGET = 13.5;
				LD_RUNPATH_SEARCH_PATHS = (
					"$(inherited)",
					"@executable_path/Frameworks",
				);
				PRODUCT_BUNDLE_IDENTIFIER = com.virenabhyankar.Pneumo;
				PRODUCT_NAME = "$(TARGET_NAME)";
				SWIFT_VERSION = 5.0;
				TARGETED_DEVICE_FAMILY = "1,2";
			};
			name = Release;
		};
		82CB562C24B269D900A8798C /* Debug */ = {
			isa = XCBuildConfiguration;
			buildSettings = {
				ALWAYS_EMBED_SWIFT_STANDARD_LIBRARIES = YES;
				BUNDLE_LOADER = "$(TEST_HOST)";
				CODE_SIGN_STYLE = Automatic;
				DEVELOPMENT_TEAM = TTR8XV74YL;
				INFOPLIST_FILE = PneumoTests/Info.plist;
				IPHONEOS_DEPLOYMENT_TARGET = 13.5;
				LD_RUNPATH_SEARCH_PATHS = (
					"$(inherited)",
					"@executable_path/Frameworks",
					"@loader_path/Frameworks",
				);
				PRODUCT_BUNDLE_IDENTIFIER = com.virenabhyankar.PneumoTests;
				PRODUCT_NAME = "$(TARGET_NAME)";
				SWIFT_VERSION = 5.0;
				TARGETED_DEVICE_FAMILY = "1,2";
				TEST_HOST = "$(BUILT_PRODUCTS_DIR)/Pneumo.app/Pneumo";
			};
			name = Debug;
		};
		82CB562D24B269D900A8798C /* Release */ = {
			isa = XCBuildConfiguration;
			buildSettings = {
				ALWAYS_EMBED_SWIFT_STANDARD_LIBRARIES = YES;
				BUNDLE_LOADER = "$(TEST_HOST)";
				CODE_SIGN_STYLE = Automatic;
				DEVELOPMENT_TEAM = TTR8XV74YL;
				INFOPLIST_FILE = PneumoTests/Info.plist;
				IPHONEOS_DEPLOYMENT_TARGET = 13.5;
				LD_RUNPATH_SEARCH_PATHS = (
					"$(inherited)",
					"@executable_path/Frameworks",
					"@loader_path/Frameworks",
				);
				PRODUCT_BUNDLE_IDENTIFIER = com.virenabhyankar.PneumoTests;
				PRODUCT_NAME = "$(TARGET_NAME)";
				SWIFT_VERSION = 5.0;
				TARGETED_DEVICE_FAMILY = "1,2";
				TEST_HOST = "$(BUILT_PRODUCTS_DIR)/Pneumo.app/Pneumo";
			};
			name = Release;
		};
		82CB562F24B269D900A8798C /* Debug */ = {
			isa = XCBuildConfiguration;
			buildSettings = {
				ALWAYS_EMBED_SWIFT_STANDARD_LIBRARIES = YES;
				CODE_SIGN_STYLE = Automatic;
				DEVELOPMENT_TEAM = TTR8XV74YL;
				INFOPLIST_FILE = PneumoUITests/Info.plist;
				LD_RUNPATH_SEARCH_PATHS = (
					"$(inherited)",
					"@executable_path/Frameworks",
					"@loader_path/Frameworks",
				);
				PRODUCT_BUNDLE_IDENTIFIER = com.virenabhyankar.PneumoUITests;
				PRODUCT_NAME = "$(TARGET_NAME)";
				SWIFT_VERSION = 5.0;
				TARGETED_DEVICE_FAMILY = "1,2";
				TEST_TARGET_NAME = Pneumo;
			};
			name = Debug;
		};
		82CB563024B269D900A8798C /* Release */ = {
			isa = XCBuildConfiguration;
			buildSettings = {
				ALWAYS_EMBED_SWIFT_STANDARD_LIBRARIES = YES;
				CODE_SIGN_STYLE = Automatic;
				DEVELOPMENT_TEAM = TTR8XV74YL;
				INFOPLIST_FILE = PneumoUITests/Info.plist;
				LD_RUNPATH_SEARCH_PATHS = (
					"$(inherited)",
					"@executable_path/Frameworks",
					"@loader_path/Frameworks",
				);
				PRODUCT_BUNDLE_IDENTIFIER = com.virenabhyankar.PneumoUITests;
				PRODUCT_NAME = "$(TARGET_NAME)";
				SWIFT_VERSION = 5.0;
				TARGETED_DEVICE_FAMILY = "1,2";
				TEST_TARGET_NAME = Pneumo;
			};
			name = Release;
		};
/* End XCBuildConfiguration section */

/* Begin XCConfigurationList section */
		82CB55F924B269D600A8798C /* Build configuration list for PBXProject "Pneumo" */ = {
			isa = XCConfigurationList;
			buildConfigurations = (
				82CB562624B269D900A8798C /* Debug */,
				82CB562724B269D900A8798C /* Release */,
			);
			defaultConfigurationIsVisible = 0;
			defaultConfigurationName = Release;
		};
		82CB562824B269D900A8798C /* Build configuration list for PBXNativeTarget "Pneumo" */ = {
			isa = XCConfigurationList;
			buildConfigurations = (
				82CB562924B269D900A8798C /* Debug */,
				82CB562A24B269D900A8798C /* Release */,
			);
			defaultConfigurationIsVisible = 0;
			defaultConfigurationName = Release;
		};
		82CB562B24B269D900A8798C /* Build configuration list for PBXNativeTarget "PneumoTests" */ = {
			isa = XCConfigurationList;
			buildConfigurations = (
				82CB562C24B269D900A8798C /* Debug */,
				82CB562D24B269D900A8798C /* Release */,
			);
			defaultConfigurationIsVisible = 0;
			defaultConfigurationName = Release;
		};
		82CB562E24B269D900A8798C /* Build configuration list for PBXNativeTarget "PneumoUITests" */ = {
			isa = XCConfigurationList;
			buildConfigurations = (
				82CB562F24B269D900A8798C /* Debug */,
				82CB563024B269D900A8798C /* Release */,
			);
			defaultConfigurationIsVisible = 0;
			defaultConfigurationName = Release;
		};
/* End XCConfigurationList section */
	};
	rootObject = 82CB55F624B269D600A8798C /* Project object */;
}
